
Microsoft Visual Studio Solution File, Format Version 12.00
# Visual Studio Version 17
VisualStudioVersion = 17.3.32929.385
MinimumVisualStudioVersion = 10.0.40219.1
Project("{9A19103F-16F7-4668-BE54-9A1E7A4F7556}") = "01_connected_mode", "01_connected_mode\01_connected_mode.csproj", "{9A55397C-576E-43BA-A61D-7D54D29A6C20}"
EndProject
Project("{9A19103F-16F7-4668-BE54-9A1E7A4F7556}") = "02_Connected_Mode_CRUD", "02_Connected_Mode_CRUD\02_Connected_Mode_CRUD.csproj", "{2B63589E-C834-4432-A2AA-DD8B7572C769}"
EndProject
Project("{9A19103F-16F7-4668-BE54-9A1E7A4F7556}") = "03_wpf_client", "03_wpf_client\03_wpf_client.csproj", "{BE15DAB1-AC90-41BD-962A-F24076880C1B}"
EndProject
Project("{9A19103F-16F7-4668-BE54-9A1E7A4F7556}") = "data_access", "data_access\data_access.csproj", "{6ECB9EFD-D177-46D1-AF0E-1747A2F3B764}"
EndProject
Project("{FAE04EC0-301F-11D3-BF4B-00C04F79EFBC}") = "04_linqToSql", "04_linqToSql\04_linqToSql.csproj", "{8CB7F674-9E4A-4F29-A6EA-D169B4DD68BE}"
EndProject
Project("{9A19103F-16F7-4668-BE54-9A1E7A4F7556}") = "05_EF_example", "05_EF_example\05_EF_example.csproj", "{C33C775D-1D4D-424C-A51E-BF4D3FDFC97B}"
EndProject
Project("{9A19103F-16F7-4668-BE54-9A1E7A4F7556}") = "08_ExampleEntity", "08_ExampleEntity\08_ExampleEntity.csproj", "{0364C8FD-0FBC-45EE-8ED7-04B98E0B2227}"
EndProject
Project("{FAE04EC0-301F-11D3-BF4B-00C04F79EFBC}") = "data_access_entity", "data_access_entity\data_access_entity.csproj", "{E062745A-1014-4DD1-9C57-A763082124AE}"
EndProject
Global
	GlobalSection(SolutionConfigurationPlatforms) = preSolution
		Debug|Any CPU = Debug|Any CPU
		Release|Any CPU = Release|Any CPU
	EndGlobalSection
	GlobalSection(ProjectConfigurationPlatforms) = postSolution
		{9A55397C-576E-43BA-A61D-7D54D29A6C20}.Debug|Any CPU.ActiveCfg = Debug|Any CPU
		{9A55397C-576E-43BA-A61D-7D54D29A6C20}.Debug|Any CPU.Build.0 = Debug|Any CPU
		{9A55397C-576E-43BA-A61D-7D54D29A6C20}.Release|Any CPU.ActiveCfg = Release|Any CPU
		{9A55397C-576E-43BA-A61D-7D54D29A6C20}.Release|Any CPU.Build.0 = Release|Any CPU
		{2B63589E-C834-4432-A2AA-DD8B7572C769}.Debug|Any CPU.ActiveCfg = Debug|Any CPU
		{2B63589E-C834-4432-A2AA-DD8B7572C769}.Debug|Any CPU.Build.0 = Debug|Any CPU
		{2B63589E-C834-4432-A2AA-DD8B7572C769}.Release|Any CPU.ActiveCfg = Release|Any CPU
		{2B63589E-C834-4432-A2AA-DD8B7572C769}.Release|Any CPU.Build.0 = Release|Any CPU
		{BE15DAB1-AC90-41BD-962A-F24076880C1B}.Debug|Any CPU.ActiveCfg = Debug|Any CPU
		{BE15DAB1-AC90-41BD-962A-F24076880C1B}.Debug|Any CPU.Build.0 = Debug|Any CPU
		{BE15DAB1-AC90-41BD-962A-F24076880C1B}.Release|Any CPU.ActiveCfg = Release|Any CPU
		{BE15DAB1-AC90-41BD-962A-F24076880C1B}.Release|Any CPU.Build.0 = Release|Any CPU
		{6ECB9EFD-D177-46D1-AF0E-1747A2F3B764}.Debug|Any CPU.ActiveCfg = Debug|Any CPU
		{6ECB9EFD-D177-46D1-AF0E-1747A2F3B764}.Debug|Any CPU.Build.0 = Debug|Any CPU
		{6ECB9EFD-D177-46D1-AF0E-1747A2F3B764}.Release|Any CPU.ActiveCfg = Release|Any CPU
		{6ECB9EFD-D177-46D1-AF0E-1747A2F3B764}.Release|Any CPU.Build.0 = Release|Any CPU
		{8CB7F674-9E4A-4F29-A6EA-D169B4DD68BE}.Debug|Any CPU.ActiveCfg = Debug|Any CPU
		{8CB7F674-9E4A-4F29-A6EA-D169B4DD68BE}.Debug|Any CPU.Build.0 = Debug|Any CPU
		{8CB7F674-9E4A-4F29-A6EA-D169B4DD68BE}.Release|Any CPU.ActiveCfg = Release|Any CPU
		{8CB7F674-9E4A-4F29-A6EA-D169B4DD68BE}.Release|Any CPU.Build.0 = Release|Any CPU
		{C33C775D-1D4D-424C-A51E-BF4D3FDFC97B}.Debug|Any CPU.ActiveCfg = Debug|Any CPU
		{C33C775D-1D4D-424C-A51E-BF4D3FDFC97B}.Debug|Any CPU.Build.0 = Debug|Any CPU
		{C33C775D-1D4D-424C-A51E-BF4D3FDFC97B}.Release|Any CPU.ActiveCfg = Release|Any CPU
		{C33C775D-1D4D-424C-A51E-BF4D3FDFC97B}.Release|Any CPU.Build.0 = Release|Any CPU
		{0364C8FD-0FBC-45EE-8ED7-04B98E0B2227}.Debug|Any CPU.ActiveCfg = Debug|Any CPU
		{0364C8FD-0FBC-45EE-8ED7-04B98E0B2227}.Debug|Any CPU.Build.0 = Debug|Any CPU
		{0364C8FD-0FBC-45EE-8ED7-04B98E0B2227}.Release|Any CPU.ActiveCfg = Release|Any CPU
		{0364C8FD-0FBC-45EE-8ED7-04B98E0B2227}.Release|Any CPU.Build.0 = Release|Any CPU
		{E062745A-1014-4DD1-9C57-A763082124AE}.Debug|Any CPU.ActiveCfg = Debug|Any CPU
		{E062745A-1014-4DD1-9C57-A763082124AE}.Debug|Any CPU.Build.0 = Debug|Any CPU
		{E062745A-1014-4DD1-9C57-A763082124AE}.Release|Any CPU.ActiveCfg = Release|Any CPU
		{E062745A-1014-4DD1-9C57-A763082124AE}.Release|Any CPU.Build.0 = Release|Any CPU
	EndGlobalSection
	GlobalSection(SolutionProperties) = preSolution
		HideSolutionNode = FALSE
	EndGlobalSection
	GlobalSection(ExtensibilityGlobals) = postSolution
		SolutionGuid = {45B56E05-5A24-4E53-BF26-9969B9C91E5E}
	EndGlobalSection
EndGlobal
